
Microsoft Visual Studio Solution File, Format Version 10.00
# Visual Studio 2008
Project("{FAE04EC0-301F-11D3-BF4B-00C04F79EFBC}") = "Commando", "Commando\Commando.csproj", "{3C87871D-A99F-46A8-86E0-05CC96B7B058}"
EndProject
Project("{FAE04EC0-301F-11D3-BF4B-00C04F79EFBC}") = "CommandoXbox", "CommandoXbox\CommandoXbox.csproj", "{961D61FB-C777-4CFA-ADBC-D609A6ED818F}"
EndProject
Project("{FAE04EC0-301F-11D3-BF4B-00C04F79EFBC}") = "CommandoTest", "CommandoTest\CommandoTest.csproj", "{6F1CE8B5-15EF-496B-AAB7-D5417D7BFF18}"
	ProjectSection(ProjectDependencies) = postProject
		{3C87871D-A99F-46A8-86E0-05CC96B7B058} = {3C87871D-A99F-46A8-86E0-05CC96B7B058}
	EndProjectSection
EndProject
Project("{2150E333-8FDC-42A3-9474-1A3956D46DE8}") = "Solution Items", "Solution Items", "{766538A9-6134-4431-A604-ECA59696825E}"
	ProjectSection(SolutionItems) = preProject
		Commando.vsmdi = Commando.vsmdi
		LocalTestRun.testrunconfig = LocalTestRun.testrunconfig
	EndProjectSection
EndProject
Global
	GlobalSection(SubversionScc) = preSolution
		Svn-Managed = True
		Manager = AnkhSVN - Subversion Support for Visual Studio
	EndGlobalSection
	GlobalSection(SolutionConfigurationPlatforms) = preSolution
		Debug|Any CPU = Debug|Any CPU
		Debug|Mixed Platforms = Debug|Mixed Platforms
		Debug|x86 = Debug|x86
		Debug|Xbox 360 = Debug|Xbox 360
		Release|Any CPU = Release|Any CPU
		Release|Mixed Platforms = Release|Mixed Platforms
		Release|x86 = Release|x86
		Release|Xbox 360 = Release|Xbox 360
	EndGlobalSection
	GlobalSection(ProjectConfigurationPlatforms) = postSolution
		{3C87871D-A99F-46A8-86E0-05CC96B7B058}.Debug|Any CPU.ActiveCfg = Debug|x86
		{3C87871D-A99F-46A8-86E0-05CC96B7B058}.Debug|Mixed Platforms.ActiveCfg = Debug|x86
		{3C87871D-A99F-46A8-86E0-05CC96B7B058}.Debug|Mixed Platforms.Build.0 = Debug|x86
		{3C87871D-A99F-46A8-86E0-05CC96B7B058}.Debug|x86.ActiveCfg = Debug|x86
		{3C87871D-A99F-46A8-86E0-05CC96B7B058}.Debug|x86.Build.0 = Debug|x86
		{3C87871D-A99F-46A8-86E0-05CC96B7B058}.Debug|Xbox 360.ActiveCfg = Debug|x86
		{3C87871D-A99F-46A8-86E0-05CC96B7B058}.Release|Any CPU.ActiveCfg = Release|x86
		{3C87871D-A99F-46A8-86E0-05CC96B7B058}.Release|Mixed Platforms.ActiveCfg = Release|x86
		{3C87871D-A99F-46A8-86E0-05CC96B7B058}.Release|Mixed Platforms.Build.0 = Release|x86
		{3C87871D-A99F-46A8-86E0-05CC96B7B058}.Release|x86.ActiveCfg = Release|x86
		{3C87871D-A99F-46A8-86E0-05CC96B7B058}.Release|x86.Build.0 = Release|x86
		{3C87871D-A99F-46A8-86E0-05CC96B7B058}.Release|Xbox 360.ActiveCfg = Release|x86
		{961D61FB-C777-4CFA-ADBC-D609A6ED818F}.Debug|Any CPU.ActiveCfg = Debug|Xbox 360
		{961D61FB-C777-4CFA-ADBC-D609A6ED818F}.Debug|Mixed Platforms.ActiveCfg = Debug|Xbox 360
		{961D61FB-C777-4CFA-ADBC-D609A6ED818F}.Debug|Mixed Platforms.Build.0 = Debug|Xbox 360
		{961D61FB-C777-4CFA-ADBC-D609A6ED818F}.Debug|Mixed Platforms.Deploy.0 = Debug|Xbox 360
		{961D61FB-C777-4CFA-ADBC-D609A6ED818F}.Debug|x86.ActiveCfg = Debug|Xbox 360
		{961D61FB-C777-4CFA-ADBC-D609A6ED818F}.Debug|x86.Build.0 = Debug|Xbox 360
		{961D61FB-C777-4CFA-ADBC-D609A6ED818F}.Debug|Xbox 360.ActiveCfg = Debug|Xbox 360
		{961D61FB-C777-4CFA-ADBC-D609A6ED818F}.Debug|Xbox 360.Build.0 = Debug|Xbox 360
		{961D61FB-C777-4CFA-ADBC-D609A6ED818F}.Debug|Xbox 360.Deploy.0 = Debug|Xbox 360
		{961D61FB-C777-4CFA-ADBC-D609A6ED818F}.Release|Any CPU.ActiveCfg = Release|Xbox 360
		{961D61FB-C777-4CFA-ADBC-D609A6ED818F}.Release|Mixed Platforms.ActiveCfg = Release|Xbox 360
		{961D61FB-C777-4CFA-ADBC-D609A6ED818F}.Release|Mixed Platforms.Build.0 = Release|Xbox 360
		{961D61FB-C777-4CFA-ADBC-D609A6ED818F}.Release|Mixed Platforms.Deploy.0 = Release|Xbox 360
		{961D61FB-C777-4CFA-ADBC-D609A6ED818F}.Release|x86.ActiveCfg = Release|Xbox 360
		{961D61FB-C777-4CFA-ADBC-D609A6ED818F}.Release|Xbox 360.ActiveCfg = Release|Xbox 360
		{961D61FB-C777-4CFA-ADBC-D609A6ED818F}.Release|Xbox 360.Build.0 = Release|Xbox 360
		{961D61FB-C777-4CFA-ADBC-D609A6ED818F}.Release|Xbox 360.Deploy.0 = Release|Xbox 360
		{6F1CE8B5-15EF-496B-AAB7-D5417D7BFF18}.Debug|Any CPU.ActiveCfg = Debug|Any CPU
		{6F1CE8B5-15EF-496B-AAB7-D5417D7BFF18}.Debug|Any CPU.Build.0 = Debug|Any CPU
		{6F1CE8B5-15EF-496B-AAB7-D5417D7BFF18}.Debug|Mixed Platforms.ActiveCfg = Debug|Any CPU
		{6F1CE8B5-15EF-496B-AAB7-D5417D7BFF18}.Debug|Mixed Platforms.Build.0 = Debug|Any CPU
		{6F1CE8B5-15EF-496B-AAB7-D5417D7BFF18}.Debug|x86.ActiveCfg = Debug|Any CPU
		{6F1CE8B5-15EF-496B-AAB7-D5417D7BFF18}.Debug|Xbox 360.ActiveCfg = Debug|Any CPU
		{6F1CE8B5-15EF-496B-AAB7-D5417D7BFF18}.Release|Any CPU.ActiveCfg = Release|Any CPU
		{6F1CE8B5-15EF-496B-AAB7-D5417D7BFF18}.Release|Any CPU.Build.0 = Release|Any CPU
		{6F1CE8B5-15EF-496B-AAB7-D5417D7BFF18}.Release|Mixed Platforms.ActiveCfg = Release|Any CPU
		{6F1CE8B5-15EF-496B-AAB7-D5417D7BFF18}.Release|Mixed Platforms.Build.0 = Release|Any CPU
		{6F1CE8B5-15EF-496B-AAB7-D5417D7BFF18}.Release|x86.ActiveCfg = Release|Any CPU
		{6F1CE8B5-15EF-496B-AAB7-D5417D7BFF18}.Release|Xbox 360.ActiveCfg = Release|Any CPU
		{294E1CD7-6C19-47DB-BABC-EDEC58A0B1EB}.Debug|Any CPU.ActiveCfg = Debug|x86
		{294E1CD7-6C19-47DB-BABC-EDEC58A0B1EB}.Debug|Mixed Platforms.ActiveCfg = Debug|x86
		{294E1CD7-6C19-47DB-BABC-EDEC58A0B1EB}.Debug|x86.ActiveCfg = Debug|x86
		{294E1CD7-6C19-47DB-BABC-EDEC58A0B1EB}.Debug|Xbox 360.ActiveCfg = Debug|x86
		{294E1CD7-6C19-47DB-BABC-EDEC58A0B1EB}.Release|Any CPU.ActiveCfg = Release|x86
		{294E1CD7-6C19-47DB-BABC-EDEC58A0B1EB}.Release|Mixed Platforms.ActiveCfg = Release|x86
		{294E1CD7-6C19-47DB-BABC-EDEC58A0B1EB}.Release|x86.ActiveCfg = Release|x86
		{294E1CD7-6C19-47DB-BABC-EDEC58A0B1EB}.Release|Xbox 360.ActiveCfg = Release|x86
	EndGlobalSection
	GlobalSection(SolutionProperties) = preSolution
		HideSolutionNode = FALSE
	EndGlobalSection
EndGlobal
